# This file was autogenerated by Stack.
# You should not edit this file by hand.
# For more information, please see the documentation at:
#   https://docs.haskellstack.org/en/stable/lock_files

packages:
- completed:
    hackage: homotuple-0.1.0.0@sha256:2a5e281a66d97ad3706a127922435d6c4f514c73a35b6f6988d4c8945f20c94e,1650
    pantry-tree:
      size: 543
      sha256: 9f22d7e876633514ca584e2412826595acad0330519b46d3ea2b936a08b5989a
  original:
    hackage: homotuple-0.1.0.0@rev:2
- completed:
    hackage: list-tuple-0.1.1.0@sha256:de3758edad345dffec328084203aebb9db5d38cd4832b6e5d44fd15fc9d409a4,2621
    pantry-tree:
      size: 843
      sha256: 47babd10aaa1b1f0c502c2ab0441f3e45d61bbd30007a80b26802b43bbabd5c5
  original:
    hackage: list-tuple-0.1.1.0@rev:1
- completed:
    hackage: single-tuple-0.1.0.0@sha256:d1c1b4913df2f56f098c144a3eb56fae021f94699db02a7cab6ff57ae2d4b71b,2207
    pantry-tree:
      size: 439
      sha256: 54e63e5f9200ff05c96aee4ec7d443ddaa291367bc2c77fb8f9c31c72942956a
  original:
    hackage: single-tuple-0.1.0.0@rev:2
- completed:
    hackage: HDBC-postgresql-2.3.2.7@sha256:93d8e3c3d2dc9291a10f28ae3f8d0604a55ef47298ed43003a4d16f3d9905bae,3228
    pantry-tree:
      size: 1740
      sha256: 07bfba988402849f447025b324f2993ea88ac0ec4f7dd4b86942644e2e239d45
  original:
    hackage: HDBC-postgresql-2.3.2.7@rev:0
- completed:
    hackage: socket-0.8.2.0@sha256:77a3fb851d1dba7f3fd979773174d62cdbb59b5ad927cc9d00779a3eb2e859e9,3584
    pantry-tree:
      size: 2064
      sha256: 509f0ff14c42362e5ecbe4cc1b3eb9a753cae2e98d09063664d7493d4853c1f8
  original:
    hackage: socket-0.8.2.0@sha256:77a3fb851d1dba7f3fd979773174d62cdbb59b5ad927cc9d00779a3eb2e859e9
- completed:
    hackage: socket-unix-0.2.0.0@sha256:8cecd07268b14ba47b13e7855f9862f3ce34a7079ccf21ea97057f6bd4f6fb66,3058
    pantry-tree:
      size: 796
      sha256: f1f06f8afdbb4686786b3af522965ecc800dc7d4aefb44aca5e35cfd6d72e939
  original:
    hackage: socket-unix-0.2.0.0@sha256:8cecd07268b14ba47b13e7855f9862f3ce34a7079ccf21ea97057f6bd4f6fb66
snapshots:
- completed:
    size: 496112
    url: https://raw.githubusercontent.com/commercialhaskell/stackage-snapshots/master/lts/15/15.yaml
    sha256: 86169722ad0056ffc9eacc157ef80ee21d7024f92c0d2961c89ccf432db230a3
  original: lts-15.15
