# This file was autogenerated by Stack.
# You should not edit this file by hand.
# For more information, please see the documentation at:
#   https://docs.haskellstack.org/en/stable/lock_files

packages:
- completed:
    hackage: homotuple-0.1.2.1@sha256:845e9a1a3b14f2ad058729d8ebbe8fb3583d14f9a485bff717e866e5df6bc76d,1952
    pantry-tree:
      size: 605
      sha256: 23c1fefddde7355bc136766ca71844ca56c9f93250356b1527ff99a16290cafa
  original:
    hackage: homotuple-0.1.2.1@rev:0
- completed:
    hackage: list-tuple-0.1.3.0@sha256:01ee6cb392c810ae6799672fc2c1c9722bcd96f8f79a1d01dd02ad20f153396f,2520
    pantry-tree:
      size: 840
      sha256: 3920f878eb8160fb09a777053ba5c70ad00bcd323f2f3d94e61e84f3f755c857
  original:
    hackage: list-tuple-0.1.3.0@rev:0
- completed:
    hackage: single-tuple-0.1.1.0@sha256:8dde826850b01f6b7ac053645e97e52e905e6e98cfbfec115c822ab7eb7e6dc5,1938
    pantry-tree:
      size: 441
      sha256: 83d204053a79ac4620f4e411830b869766912a8dd1ade5f20bbce7e8de0f817c
  original:
    hackage: single-tuple-0.1.1.0@rev:0
- completed:
    hackage: HDBC-postgresql-2.3.2.7@sha256:93d8e3c3d2dc9291a10f28ae3f8d0604a55ef47298ed43003a4d16f3d9905bae,3228
    pantry-tree:
      size: 1740
      sha256: 07bfba988402849f447025b324f2993ea88ac0ec4f7dd4b86942644e2e239d45
  original:
    hackage: HDBC-postgresql-2.3.2.7@rev:0
- completed:
    hackage: socket-0.8.2.0@sha256:77a3fb851d1dba7f3fd979773174d62cdbb59b5ad927cc9d00779a3eb2e859e9,3584
    pantry-tree:
      size: 2064
      sha256: 509f0ff14c42362e5ecbe4cc1b3eb9a753cae2e98d09063664d7493d4853c1f8
  original:
    hackage: socket-0.8.2.0@sha256:77a3fb851d1dba7f3fd979773174d62cdbb59b5ad927cc9d00779a3eb2e859e9
- completed:
    hackage: socket-unix-0.2.0.0@sha256:8cecd07268b14ba47b13e7855f9862f3ce34a7079ccf21ea97057f6bd4f6fb66,3058
    pantry-tree:
      size: 796
      sha256: f1f06f8afdbb4686786b3af522965ecc800dc7d4aefb44aca5e35cfd6d72e939
  original:
    hackage: socket-unix-0.2.0.0@sha256:8cecd07268b14ba47b13e7855f9862f3ce34a7079ccf21ea97057f6bd4f6fb66
snapshots:
- completed:
    size: 496112
    url: https://raw.githubusercontent.com/commercialhaskell/stackage-snapshots/master/lts/15/15.yaml
    sha256: 86169722ad0056ffc9eacc157ef80ee21d7024f92c0d2961c89ccf432db230a3
  original: lts-15.15
